// !$*UTF8*$!
{
	archiveVersion = 1;
	classes = {
	};
	objectVersion = 56;
	objects = {

/* Begin PBXBuildFile section */
		3E2912D22C1C3E4100E6B10C /* FireflyApp.swift in Sources */ = {isa = PBXBuildFile; fileRef = 3E2912D12C1C3E4100E6B10C /* FireflyApp.swift */; };
		3E2912D42C1C3E4100E6B10C /* ContentView.swift in Sources */ = {isa = PBXBuildFile; fileRef = 3E2912D32C1C3E4100E6B10C /* ContentView.swift */; };
		3E2912D62C1C3E4300E6B10C /* Assets.xcassets in Resources */ = {isa = PBXBuildFile; fileRef = 3E2912D52C1C3E4300E6B10C /* Assets.xcassets */; };
		3E2912D92C1C3E4300E6B10C /* Preview Assets.xcassets in Resources */ = {isa = PBXBuildFile; fileRef = 3E2912D82C1C3E4300E6B10C /* Preview Assets.xcassets */; };
		3E2912E32C1C3E4400E6B10C /* FireflyTests.swift in Sources */ = {isa = PBXBuildFile; fileRef = 3E2912E22C1C3E4400E6B10C /* FireflyTests.swift */; };
		3E2912ED2C1C3E4400E6B10C /* FireflyUITests.swift in Sources */ = {isa = PBXBuildFile; fileRef = 3E2912EC2C1C3E4400E6B10C /* FireflyUITests.swift */; };
		3E2912EF2C1C3E4400E6B10C /* FireflyUITestsLaunchTests.swift in Sources */ = {isa = PBXBuildFile; fileRef = 3E2912EE2C1C3E4400E6B10C /* FireflyUITestsLaunchTests.swift */; };
/* End PBXBuildFile section */

/* Begin PBXContainerItemProxy section */
		3E2912DF2C1C3E4400E6B10C /* PBXContainerItemProxy */ = {
			isa = PBXContainerItemProxy;
			containerPortal = 3E2912C62C1C3E4100E6B10C /* Project object */;
			proxyType = 1;
			remoteGlobalIDString = 3E2912CD2C1C3E4100E6B10C;
			remoteInfo = Firefly;
		};
		3E2912E92C1C3E4400E6B10C /* PBXContainerItemProxy */ = {
			isa = PBXContainerItemProxy;
			containerPortal = 3E2912C62C1C3E4100E6B10C /* Project object */;
			proxyType = 1;
			remoteGlobalIDString = 3E2912CD2C1C3E4100E6B10C;
			remoteInfo = Firefly;
		};
/* End PBXContainerItemProxy section */

/* Begin PBXFileReference section */
		3E2912CE2C1C3E4100E6B10C /* Firefly.app */ = {isa = PBXFileReference; explicitFileType = wrapper.application; includeInIndex = 0; path = Firefly.app; sourceTree = BUILT_PRODUCTS_DIR; };
		3E2912D12C1C3E4100E6B10C /* FireflyApp.swift */ = {isa = PBXFileReference; lastKnownFileType = sourcecode.swift; path = FireflyApp.swift; sourceTree = "<group>"; };
		3E2912D32C1C3E4100E6B10C /* ContentView.swift */ = {isa = PBXFileReference; lastKnownFileType = sourcecode.swift; path = ContentView.swift; sourceTree = "<group>"; };
		3E2912D52C1C3E4300E6B10C /* Assets.xcassets */ = {isa = PBXFileReference; lastKnownFileType = folder.assetcatalog; path = Assets.xcassets; sourceTree = "<group>"; };
		3E2912D82C1C3E4300E6B10C /* Preview Assets.xcassets */ = {isa = PBXFileReference; lastKnownFileType = folder.assetcatalog; path = "Preview Assets.xcassets"; sourceTree = "<group>"; };
		3E2912DE2C1C3E4400E6B10C /* FireflyTests.xctest */ = {isa = PBXFileReference; explicitFileType = wrapper.cfbundle; includeInIndex = 0; path = FireflyTests.xctest; sourceTree = BUILT_PRODUCTS_DIR; };
		3E2912E22C1C3E4400E6B10C /* FireflyTests.swift */ = {isa = PBXFileReference; lastKnownFileType = sourcecode.swift; path = FireflyTests.swift; sourceTree = "<group>"; };
		3E2912E82C1C3E4400E6B10C /* FireflyUITests.xctest */ = {isa = PBXFileReference; explicitFileType = wrapper.cfbundle; includeInIndex = 0; path = FireflyUITests.xctest; sourceTree = BUILT_PRODUCTS_DIR; };
		3E2912EC2C1C3E4400E6B10C /* FireflyUITests.swift */ = {isa = PBXFileReference; lastKnownFileType = sourcecode.swift; path = FireflyUITests.swift; sourceTree = "<group>"; };
		3E2912EE2C1C3E4400E6B10C /* FireflyUITestsLaunchTests.swift */ = {isa = PBXFileReference; lastKnownFileType = sourcecode.swift; path = FireflyUITestsLaunchTests.swift; sourceTree = "<group>"; };
/* End PBXFileReference section */

/* Begin PBXFrameworksBuildPhase section */
		3E2912CB2C1C3E4100E6B10C /* Frameworks */ = {
			isa = PBXFrameworksBuildPhase;
			buildActionMask = 2147483647;
			files = (
			);
			runOnlyForDeploymentPostprocessing = 0;
		};
		3E2912DB2C1C3E4400E6B10C /* Frameworks */ = {
			isa = PBXFrameworksBuildPhase;
			buildActionMask = 2147483647;
			files = (
			);
			runOnlyForDeploymentPostprocessing = 0;
		};
		3E2912E52C1C3E4400E6B10C /* Frameworks */ = {
			isa = PBXFrameworksBuildPhase;
			buildActionMask = 2147483647;
			files = (
			);
			runOnlyForDeploymentPostprocessing = 0;
		};
/* End PBXFrameworksBuildPhase section */

/* Begin PBXGroup section */
		3E2912C52C1C3E4100E6B10C = {
			isa = PBXGroup;
			children = (
				3E2912D02C1C3E4100E6B10C /* Firefly */,
				3E2912E12C1C3E4400E6B10C /* FireflyTests */,
				3E2912EB2C1C3E4400E6B10C /* FireflyUITests */,
				3E2912CF2C1C3E4100E6B10C /* Products */,
			);
			sourceTree = "<group>";
		};
		3E2912CF2C1C3E4100E6B10C /* Products */ = {
			isa = PBXGroup;
			children = (
				3E2912CE2C1C3E4100E6B10C /* Firefly.app */,
				3E2912DE2C1C3E4400E6B10C /* FireflyTests.xctest */,
				3E2912E82C1C3E4400E6B10C /* FireflyUITests.xctest */,
			);
			name = Products;
			sourceTree = "<group>";
		};
		3E2912D02C1C3E4100E6B10C /* Firefly */ = {
			isa = PBXGroup;
			children = (
				3E2912D12C1C3E4100E6B10C /* FireflyApp.swift */,
				3E2912D32C1C3E4100E6B10C /* ContentView.swift */,
				3E2912D52C1C3E4300E6B10C /* Assets.xcassets */,
				3E2912D72C1C3E4300E6B10C /* Preview Content */,
			);
			path = Firefly;
			sourceTree = "<group>";
		};
		3E2912D72C1C3E4300E6B10C /* Preview Content */ = {
			isa = PBXGroup;
			children = (
				3E2912D82C1C3E4300E6B10C /* Preview Assets.xcassets */,
			);
			path = "Preview Content";
			sourceTree = "<group>";
		};
		3E2912E12C1C3E4400E6B10C /* FireflyTests */ = {
			isa = PBXGroup;
			children = (
				3E2912E22C1C3E4400E6B10C /* FireflyTests.swift */,
			);
			path = FireflyTests;
			sourceTree = "<group>";
		};
		3E2912EB2C1C3E4400E6B10C /* FireflyUITests */ = {
			isa = PBXGroup;
			children = (
				3E2912EC2C1C3E4400E6B10C /* FireflyUITests.swift */,
				3E2912EE2C1C3E4400E6B10C /* FireflyUITestsLaunchTests.swift */,
			);
			path = FireflyUITests;
			sourceTree = "<group>";
		};
/* End PBXGroup section */

/* Begin PBXNativeTarget section */
		3E2912CD2C1C3E4100E6B10C /* Firefly */ = {
			isa = PBXNativeTarget;
			buildConfigurationList = 3E2912F22C1C3E4400E6B10C /* Build configuration list for PBXNativeTarget "Firefly" */;
			buildPhases = (
				3E2912CA2C1C3E4100E6B10C /* Sources */,
				3E2912CB2C1C3E4100E6B10C /* Frameworks */,
				3E2912CC2C1C3E4100E6B10C /* Resources */,
			);
			buildRules = (
			);
			dependencies = (
			);
			name = Firefly;
			productName = Firefly;
			productReference = 3E2912CE2C1C3E4100E6B10C /* Firefly.app */;
			productType = "com.apple.product-type.application";
		};
		3E2912DD2C1C3E4400E6B10C /* FireflyTests */ = {
			isa = PBXNativeTarget;
			buildConfigurationList = 3E2912F52C1C3E4400E6B10C /* Build configuration list for PBXNativeTarget "FireflyTests" */;
			buildPhases = (
				3E2912DA2C1C3E4400E6B10C /* Sources */,
				3E2912DB2C1C3E4400E6B10C /* Frameworks */,
				3E2912DC2C1C3E4400E6B10C /* Resources */,
			);
			buildRules = (
			);
			dependencies = (
				3E2912E02C1C3E4400E6B10C /* PBXTargetDependency */,
			);
			name = FireflyTests;
			productName = FireflyTests;
			productReference = 3E2912DE2C1C3E4400E6B10C /* FireflyTests.xctest */;
			productType = "com.apple.product-type.bundle.unit-test";
		};
		3E2912E72C1C3E4400E6B10C /* FireflyUITests */ = {
			isa = PBXNativeTarget;
			buildConfigurationList = 3E2912F82C1C3E4400E6B10C /* Build configuration list for PBXNativeTarget "FireflyUITests" */;
			buildPhases = (
				3E2912E42C1C3E4400E6B10C /* Sources */,
				3E2912E52C1C3E4400E6B10C /* Frameworks */,
				3E2912E62C1C3E4400E6B10C /* Resources */,
			);
			buildRules = (
			);
			dependencies = (
				3E2912EA2C1C3E4400E6B10C /* PBXTargetDependency */,
			);
			name = FireflyUITests;
			productName = FireflyUITests;
			productReference = 3E2912E82C1C3E4400E6B10C /* FireflyUITests.xctest */;
			productType = "com.apple.product-type.bundle.ui-testing";
		};
/* End PBXNativeTarget section */

/* Begin PBXProject section */
		3E2912C62C1C3E4100E6B10C /* Project object */ = {
			isa = PBXProject;
			attributes = {
				BuildIndependentTargetsInParallel = 1;
				LastSwiftUpdateCheck = 1520;
				LastUpgradeCheck = 1520;
				TargetAttributes = {
					3E2912CD2C1C3E4100E6B10C = {
						CreatedOnToolsVersion = 15.2;
					};
					3E2912DD2C1C3E4400E6B10C = {
						CreatedOnToolsVersion = 15.2;
						TestTargetID = 3E2912CD2C1C3E4100E6B10C;
					};
					3E2912E72C1C3E4400E6B10C = {
						CreatedOnToolsVersion = 15.2;
						TestTargetID = 3E2912CD2C1C3E4100E6B10C;
					};
				};
			};
			buildConfigurationList = 3E2912C92C1C3E4100E6B10C /* Build configuration list for PBXProject "Firefly" */;
			compatibilityVersion = "Xcode 14.0";
			developmentRegion = en;
			hasScannedForEncodings = 0;
			knownRegions = (
				en,
				Base,
			);
			mainGroup = 3E2912C52C1C3E4100E6B10C;
			productRefGroup = 3E2912CF2C1C3E4100E6B10C /* Products */;
			projectDirPath = "";
			projectRoot = "";
			targets = (
				3E2912CD2C1C3E4100E6B10C /* Firefly */,
				3E2912DD2C1C3E4400E6B10C /* FireflyTests */,
				3E2912E72C1C3E4400E6B10C /* FireflyUITests */,
			);
		};
/* End PBXProject section */

/* Begin PBXResourcesBuildPhase section */
		3E2912CC2C1C3E4100E6B10C /* Resources */ = {
			isa = PBXResourcesBuildPhase;
			buildActionMask = 2147483647;
			files = (
				3E2912D92C1C3E4300E6B10C /* Preview Assets.xcassets in Resources */,
				3E2912D62C1C3E4300E6B10C /* Assets.xcassets in Resources */,
			);
			runOnlyForDeploymentPostprocessing = 0;
		};
		3E2912DC2C1C3E4400E6B10C /* Resources */ = {
			isa = PBXResourcesBuildPhase;
			buildActionMask = 2147483647;
			files = (
			);
			runOnlyForDeploymentPostprocessing = 0;
		};
		3E2912E62C1C3E4400E6B10C /* Resources */ = {
			isa = PBXResourcesBuildPhase;
			buildActionMask = 2147483647;
			files = (
			);
			runOnlyForDeploymentPostprocessing = 0;
		};
/* End PBXResourcesBuildPhase section */

/* Begin PBXSourcesBuildPhase section */
		3E2912CA2C1C3E4100E6B10C /* Sources */ = {
			isa = PBXSourcesBuildPhase;
			buildActionMask = 2147483647;
			files = (
				3E2912D42C1C3E4100E6B10C /* ContentView.swift in Sources */,
				3E2912D22C1C3E4100E6B10C /* FireflyApp.swift in Sources */,
			);
			runOnlyForDeploymentPostprocessing = 0;
		};
		3E2912DA2C1C3E4400E6B10C /* Sources */ = {
			isa = PBXSourcesBuildPhase;
			buildActionMask = 2147483647;
			files = (
				3E2912E32C1C3E4400E6B10C /* FireflyTests.swift in Sources */,
			);
			runOnlyForDeploymentPostprocessing = 0;
		};
		3E2912E42C1C3E4400E6B10C /* Sources */ = {
			isa = PBXSourcesBuildPhase;
			buildActionMask = 2147483647;
			files = (
				3E2912EF2C1C3E4400E6B10C /* FireflyUITestsLaunchTests.swift in Sources */,
				3E2912ED2C1C3E4400E6B10C /* FireflyUITests.swift in Sources */,
			);
			runOnlyForDeploymentPostprocessing = 0;
		};
/* End PBXSourcesBuildPhase section */

/* Begin PBXTargetDependency section */
		3E2912E02C1C3E4400E6B10C /* PBXTargetDependency */ = {
			isa = PBXTargetDependency;
			target = 3E2912CD2C1C3E4100E6B10C /* Firefly */;
			targetProxy = 3E2912DF2C1C3E4400E6B10C /* PBXContainerItemProxy */;
		};
		3E2912EA2C1C3E4400E6B10C /* PBXTargetDependency */ = {
			isa = PBXTargetDependency;
			target = 3E2912CD2C1C3E4100E6B10C /* Firefly */;
			targetProxy = 3E2912E92C1C3E4400E6B10C /* PBXContainerItemProxy */;
		};
/* End PBXTargetDependency section */

/* Begin XCBuildConfiguration section */
		3E2912F02C1C3E4400E6B10C /* Debug */ = {
			isa = XCBuildConfiguration;
			buildSettings = {
				ALWAYS_SEARCH_USER_PATHS = NO;
				ASSETCATALOG_COMPILER_GENERATE_SWIFT_ASSET_SYMBOL_EXTENSIONS = YES;
				CLANG_ANALYZER_NONNULL = YES;
				CLANG_ANALYZER_NUMBER_OBJECT_CONVERSION = YES_AGGRESSIVE;
				CLANG_CXX_LANGUAGE_STANDARD = "gnu++20";
				CLANG_ENABLE_MODULES = YES;
				CLANG_ENABLE_OBJC_ARC = YES;
				CLANG_ENABLE_OBJC_WEAK = YES;
				CLANG_WARN_BLOCK_CAPTURE_AUTORELEASING = YES;
				CLANG_WARN_BOOL_CONVERSION = YES;
				CLANG_WARN_COMMA = YES;
				CLANG_WARN_CONSTANT_CONVERSION = YES;
				CLANG_WARN_DEPRECATED_OBJC_IMPLEMENTATIONS = YES;
				CLANG_WARN_DIRECT_OBJC_ISA_USAGE = YES_ERROR;
				CLANG_WARN_DOCUMENTATION_COMMENTS = YES;
				CLANG_WARN_EMPTY_BODY = YES;
				CLANG_WARN_ENUM_CONVERSION = YES;
				CLANG_WARN_INFINITE_RECURSION = YES;
				CLANG_WARN_INT_CONVERSION = YES;
				CLANG_WARN_NON_LITERAL_NULL_CONVERSION = YES;
				CLANG_WARN_OBJC_IMPLICIT_RETAIN_SELF = YES;
				CLANG_WARN_OBJC_LITERAL_CONVERSION = YES;
				CLANG_WARN_OBJC_ROOT_CLASS = YES_ERROR;
				CLANG_WARN_QUOTED_INCLUDE_IN_FRAMEWORK_HEADER = YES;
				CLANG_WARN_RANGE_LOOP_ANALYSIS = YES;
				CLANG_WARN_STRICT_PROTOTYPES = YES;
				CLANG_WARN_SUSPICIOUS_MOVE = YES;
				CLANG_WARN_UNGUARDED_AVAILABILITY = YES_AGGRESSIVE;
				CLANG_WARN_UNREACHABLE_CODE = YES;
				CLANG_WARN__DUPLICATE_METHOD_MATCH = YES;
				COPY_PHASE_STRIP = NO;
				DEBUG_INFORMATION_FORMAT = dwarf;
				ENABLE_STRICT_OBJC_MSGSEND = YES;
				ENABLE_TESTABILITY = YES;
				ENABLE_USER_SCRIPT_SANDBOXING = YES;
				GCC_C_LANGUAGE_STANDARD = gnu17;
				GCC_DYNAMIC_NO_PIC = NO;
				GCC_NO_COMMON_BLOCKS = YES;
				GCC_OPTIMIZATION_LEVEL = 0;
				GCC_PREPROCESSOR_DEFINITIONS = (
					"DEBUG=1",
					"$(inherited)",
				);
				GCC_WARN_64_TO_32_BIT_CONVERSION = YES;
				GCC_WARN_ABOUT_RETURN_TYPE = YES_ERROR;
				GCC_WARN_UNDECLARED_SELECTOR = YES;
				GCC_WARN_UNINITIALIZED_AUTOS = YES_AGGRESSIVE;
				GCC_WARN_UNUSED_FUNCTION = YES;
				GCC_WARN_UNUSED_VARIABLE = YES;
				IPHONEOS_DEPLOYMENT_TARGET = 17.2;
				LOCALIZATION_PREFERS_STRING_CATALOGS = YES;
				MTL_ENABLE_DEBUG_INFO = INCLUDE_SOURCE;
				MTL_FAST_MATH = YES;
				ONLY_ACTIVE_ARCH = YES;
				SDKROOT = iphoneos;
				SWIFT_ACTIVE_COMPILATION_CONDITIONS = "DEBUG $(inherited)";
				SWIFT_OPTIMIZATION_LEVEL = "-Onone";
			};
			name = Debug;
		};
		3E2912F12C1C3E4400E6B10C /* Release */ = {
			isa = XCBuildConfiguration;
			buildSettings = {
				ALWAYS_SEARCH_USER_PATHS = NO;
				ASSETCATALOG_COMPILER_GENERATE_SWIFT_ASSET_SYMBOL_EXTENSIONS = YES;
				CLANG_ANALYZER_NONNULL = YES;
				CLANG_ANALYZER_NUMBER_OBJECT_CONVERSION = YES_AGGRESSIVE;
				CLANG_CXX_LANGUAGE_STANDARD = "gnu++20";
				CLANG_ENABLE_MODULES = YES;
				CLANG_ENABLE_OBJC_ARC = YES;
				CLANG_ENABLE_OBJC_WEAK = YES;
				CLANG_WARN_BLOCK_CAPTURE_AUTORELEASING = YES;
				CLANG_WARN_BOOL_CONVERSION = YES;
				CLANG_WARN_COMMA = YES;
				CLANG_WARN_CONSTANT_CONVERSION = YES;
				CLANG_WARN_DEPRECATED_OBJC_IMPLEMENTATIONS = YES;
				CLANG_WARN_DIRECT_OBJC_ISA_USAGE = YES_ERROR;
				CLANG_WARN_DOCUMENTATION_COMMENTS = YES;
				CLANG_WARN_EMPTY_BODY = YES;
				CLANG_WARN_ENUM_CONVERSION = YES;
				CLANG_WARN_INFINITE_RECURSION = YES;
				CLANG_WARN_INT_CONVERSION = YES;
				CLANG_WARN_NON_LITERAL_NULL_CONVERSION = YES;
				CLANG_WARN_OBJC_IMPLICIT_RETAIN_SELF = YES;
				CLANG_WARN_OBJC_LITERAL_CONVERSION = YES;
				CLANG_WARN_OBJC_ROOT_CLASS = YES_ERROR;
				CLANG_WARN_QUOTED_INCLUDE_IN_FRAMEWORK_HEADER = YES;
				CLANG_WARN_RANGE_LOOP_ANALYSIS = YES;
				CLANG_WARN_STRICT_PROTOTYPES = YES;
				CLANG_WARN_SUSPICIOUS_MOVE = YES;
				CLANG_WARN_UNGUARDED_AVAILABILITY = YES_AGGRESSIVE;
				CLANG_WARN_UNREACHABLE_CODE = YES;
				CLANG_WARN__DUPLICATE_METHOD_MATCH = YES;
				COPY_PHASE_STRIP = NO;
				DEBUG_INFORMATION_FORMAT = "dwarf-with-dsym";
				ENABLE_NS_ASSERTIONS = NO;
				ENABLE_STRICT_OBJC_MSGSEND = YES;
				ENABLE_USER_SCRIPT_SANDBOXING = YES;
				GCC_C_LANGUAGE_STANDARD = gnu17;
				GCC_NO_COMMON_BLOCKS = YES;
				GCC_WARN_64_TO_32_BIT_CONVERSION = YES;
				GCC_WARN_ABOUT_RETURN_TYPE = YES_ERROR;
				GCC_WARN_UNDECLARED_SELECTOR = YES;
				GCC_WARN_UNINITIALIZED_AUTOS = YES_AGGRESSIVE;
				GCC_WARN_UNUSED_FUNCTION = YES;
				GCC_WARN_UNUSED_VARIABLE = YES;
				IPHONEOS_DEPLOYMENT_TARGET = 17.2;
				LOCALIZATION_PREFERS_STRING_CATALOGS = YES;
				MTL_ENABLE_DEBUG_INFO = NO;
				MTL_FAST_MATH = YES;
				SDKROOT = iphoneos;
				SWIFT_COMPILATION_MODE = wholemodule;
				VALIDATE_PRODUCT = YES;
			};
			name = Release;
		};
		3E2912F32C1C3E4400E6B10C /* Debug */ = {
			isa = XCBuildConfiguration;
			buildSettings = {
				ASSETCATALOG_COMPILER_APPICON_NAME = AppIcon;
				ASSETCATALOG_COMPILER_GLOBAL_ACCENT_COLOR_NAME = AccentColor;
				CODE_SIGN_STYLE = Automatic;
				CURRENT_PROJECT_VERSION = 1;
				DEVELOPMENT_ASSET_PATHS = "\"Firefly/Preview Content\"";
				ENABLE_PREVIEWS = YES;
				GENERATE_INFOPLIST_FILE = YES;
				INFOPLIST_KEY_UIApplicationSceneManifest_Generation = YES;
				INFOPLIST_KEY_UIApplicationSupportsIndirectInputEvents = YES;
				INFOPLIST_KEY_UILaunchScreen_Generation = YES;
				INFOPLIST_KEY_UISupportedInterfaceOrientations_iPad = "UIInterfaceOrientationPortrait UIInterfaceOrientationPortraitUpsideDown UIInterfaceOrientationLandscapeLeft UIInterfaceOrientationLandscapeRight";
				INFOPLIST_KEY_UISupportedInterfaceOrientations_iPhone = "UIInterfaceOrientationPortrait UIInterfaceOrientationLandscapeLeft UIInterfaceOrientationLandscapeRight";
				LD_RUNPATH_SEARCH_PATHS = (
					"$(inherited)",
					"@executable_path/Frameworks",
				);
				MARKETING_VERSION = 1.0;
				PRODUCT_BUNDLE_IDENTIFIER = com.itsmc.Firefly;
				PRODUCT_NAME = "$(TARGET_NAME)";
				SWIFT_EMIT_LOC_STRINGS = YES;
				SWIFT_VERSION = 5.0;
				TARGETED_DEVICE_FAMILY = "1,2";
			};
			name = Debug;
		};
		3E2912F42C1C3E4400E6B10C /* Release */ = {
			isa = XCBuildConfiguration;
			buildSettings = {
				ASSETCATALOG_COMPILER_APPICON_NAME = AppIcon;
				ASSETCATALOG_COMPILER_GLOBAL_ACCENT_COLOR_NAME = AccentColor;
				CODE_SIGN_STYLE = Automatic;
				CURRENT_PROJECT_VERSION = 1;
				DEVELOPMENT_ASSET_PATHS = "\"Firefly/Preview Content\"";
				ENABLE_PREVIEWS = YES;
				GENERATE_INFOPLIST_FILE = YES;
				INFOPLIST_KEY_UIApplicationSceneManifest_Generation = YES;
				INFOPLIST_KEY_UIApplicationSupportsIndirectInputEvents = YES;
				INFOPLIST_KEY_UILaunchScreen_Generation = YES;
				INFOPLIST_KEY_UISupportedInterfaceOrientations_iPad = "UIInterfaceOrientationPortrait UIInterfaceOrientationPortraitUpsideDown UIInterfaceOrientationLandscapeLeft UIInterfaceOrientationLandscapeRight";
				INFOPLIST_KEY_UISupportedInterfaceOrientations_iPhone = "UIInterfaceOrientationPortrait UIInterfaceOrientationLandscapeLeft UIInterfaceOrientationLandscapeRight";
				LD_RUNPATH_SEARCH_PATHS = (
					"$(inherited)",
					"@executable_path/Frameworks",
				);
				MARKETING_VERSION = 1.0;
				PRODUCT_BUNDLE_IDENTIFIER = com.itsmc.Firefly;
				PRODUCT_NAME = "$(TARGET_NAME)";
				SWIFT_EMIT_LOC_STRINGS = YES;
				SWIFT_VERSION = 5.0;
				TARGETED_DEVICE_FAMILY = "1,2";
			};
			name = Release;
		};
		3E2912F62C1C3E4400E6B10C /* Debug */ = {
			isa = XCBuildConfiguration;
			buildSettings = {
				ALWAYS_EMBED_SWIFT_STANDARD_LIBRARIES = YES;
				BUNDLE_LOADER = "$(TEST_HOST)";
				CODE_SIGN_STYLE = Automatic;
				CURRENT_PROJECT_VERSION = 1;
				GENERATE_INFOPLIST_FILE = YES;
				IPHONEOS_DEPLOYMENT_TARGET = 17.2;
				MARKETING_VERSION = 1.0;
				PRODUCT_BUNDLE_IDENTIFIER = com.itsmc.FireflyTests;
				PRODUCT_NAME = "$(TARGET_NAME)";
				SWIFT_EMIT_LOC_STRINGS = NO;
				SWIFT_VERSION = 5.0;
				TARGETED_DEVICE_FAMILY = "1,2";
				TEST_HOST = "$(BUILT_PRODUCTS_DIR)/Firefly.app/$(BUNDLE_EXECUTABLE_FOLDER_PATH)/Firefly";
			};
			name = Debug;
		};
		3E2912F72C1C3E4400E6B10C /* Release */ = {
			isa = XCBuildConfiguration;
			buildSettings = {
				ALWAYS_EMBED_SWIFT_STANDARD_LIBRARIES = YES;
				BUNDLE_LOADER = "$(TEST_HOST)";
				CODE_SIGN_STYLE = Automatic;
				CURRENT_PROJECT_VERSION = 1;
				GENERATE_INFOPLIST_FILE = YES;
				IPHONEOS_DEPLOYMENT_TARGET = 17.2;
				MARKETING_VERSION = 1.0;
				PRODUCT_BUNDLE_IDENTIFIER = com.itsmc.FireflyTests;
				PRODUCT_NAME = "$(TARGET_NAME)";
				SWIFT_EMIT_LOC_STRINGS = NO;
				SWIFT_VERSION = 5.0;
				TARGETED_DEVICE_FAMILY = "1,2";
				TEST_HOST = "$(BUILT_PRODUCTS_DIR)/Firefly.app/$(BUNDLE_EXECUTABLE_FOLDER_PATH)/Firefly";
			};
			name = Release;
		};
		3E2912F92C1C3E4400E6B10C /* Debug */ = {
			isa = XCBuildConfiguration;
			buildSettings = {
				ALWAYS_EMBED_SWIFT_STANDARD_LIBRARIES = YES;
				CODE_SIGN_STYLE = Automatic;
				CURRENT_PROJECT_VERSION = 1;
				GENERATE_INFOPLIST_FILE = YES;
				MARKETING_VERSION = 1.0;
				PRODUCT_BUNDLE_IDENTIFIER = com.itsmc.FireflyUITests;
				PRODUCT_NAME = "$(TARGET_NAME)";
				SWIFT_EMIT_LOC_STRINGS = NO;
				SWIFT_VERSION = 5.0;
				TARGETED_DEVICE_FAMILY = "1,2";
				TEST_TARGET_NAME = Firefly;
			};
			name = Debug;
		};
		3E2912FA2C1C3E4400E6B10C /* Release */ = {
			isa = XCBuildConfiguration;
			buildSettings = {
				ALWAYS_EMBED_SWIFT_STANDARD_LIBRARIES = YES;
				CODE_SIGN_STYLE = Automatic;
				CURRENT_PROJECT_VERSION = 1;
				GENERATE_INFOPLIST_FILE = YES;
				MARKETING_VERSION = 1.0;
				PRODUCT_BUNDLE_IDENTIFIER = com.itsmc.FireflyUITests;
				PRODUCT_NAME = "$(TARGET_NAME)";
				SWIFT_EMIT_LOC_STRINGS = NO;
				SWIFT_VERSION = 5.0;
				TARGETED_DEVICE_FAMILY = "1,2";
				TEST_TARGET_NAME = Firefly;
			};
			name = Release;
		};
/* End XCBuildConfiguration section */

/* Begin XCConfigurationList section */
		3E2912C92C1C3E4100E6B10C /* Build configuration list for PBXProject "Firefly" */ = {
			isa = XCConfigurationList;
			buildConfigurations = (
				3E2912F02C1C3E4400E6B10C /* Debug */,
				3E2912F12C1C3E4400E6B10C /* Release */,
			);
			defaultConfigurationIsVisible = 0;
			defaultConfigurationName = Release;
		};
		3E2912F22C1C3E4400E6B10C /* Build configuration list for PBXNativeTarget "Firefly" */ = {
			isa = XCConfigurationList;
			buildConfigurations = (
				3E2912F32C1C3E4400E6B10C /* Debug */,
				3E2912F42C1C3E4400E6B10C /* Release */,
			);
			defaultConfigurationIsVisible = 0;
			defaultConfigurationName = Release;
		};
		3E2912F52C1C3E4400E6B10C /* Build configuration list for PBXNativeTarget "FireflyTests" */ = {
			isa = XCConfigurationList;
			buildConfigurations = (
				3E2912F62C1C3E4400E6B10C /* Debug */,
				3E2912F72C1C3E4400E6B10C /* Release */,
			);
			defaultConfigurationIsVisible = 0;
			defaultConfigurationName = Release;
		};
		3E2912F82C1C3E4400E6B10C /* Build configuration list for PBXNativeTarget "FireflyUITests" */ = {
			isa = XCConfigurationList;
			buildConfigurations = (
				3E2912F92C1C3E4400E6B10C /* Debug */,
				3E2912FA2C1C3E4400E6B10C /* Release */,
			);
			defaultConfigurationIsVisible = 0;
			defaultConfigurationName = Release;
		};
/* End XCConfigurationList section */
	};
	rootObject = 3E2912C62C1C3E4100E6B10C /* Project object */;
}
